
Microsoft Visual Studio Solution File, Format Version 12.00
# Visual Studio 2017
Project("{FAE04EC0-301F-11D3-BF4B-00C04F79EFBC}") = "cartoon", "cartoon.csproj", "{C8F23C31-75A4-6763-4126-5647CCB23B72}"
EndProject
Project("{FAE04EC0-301F-11D3-BF4B-00C04F79EFBC}") = "cartoon.Editor", "cartoon.Editor.csproj", "{99144EC5-184C-43CF-4BE0-467D6DBAC65C}"
EndProject
Global
	GlobalSection(SolutionConfigurationPlatforms) = preSolution
		Debug|Any CPU = Debug|Any CPU
		Release|Any CPU = Release|Any CPU
	EndGlobalSection
	GlobalSection(ProjectConfigurationPlatforms) = postSolution
		{C8F23C31-75A4-6763-4126-5647CCB23B72}.Debug|Any CPU.ActiveCfg = Debug|Any CPU
		{C8F23C31-75A4-6763-4126-5647CCB23B72}.Debug|Any CPU.Build.0 = Debug|Any CPU
		{C8F23C31-75A4-6763-4126-5647CCB23B72}.Release|Any CPU.ActiveCfg = Release|Any CPU
		{C8F23C31-75A4-6763-4126-5647CCB23B72}.Release|Any CPU.Build.0 = Release|Any CPU
		{99144EC5-184C-43CF-4BE0-467D6DBAC65C}.Debug|Any CPU.ActiveCfg = Debug|Any CPU
		{99144EC5-184C-43CF-4BE0-467D6DBAC65C}.Debug|Any CPU.Build.0 = Debug|Any CPU
		{99144EC5-184C-43CF-4BE0-467D6DBAC65C}.Release|Any CPU.ActiveCfg = Release|Any CPU
		{99144EC5-184C-43CF-4BE0-467D6DBAC65C}.Release|Any CPU.Build.0 = Release|Any CPU
	EndGlobalSection
	GlobalSection(SolutionProperties) = preSolution
		HideSolutionNode = FALSE
	EndGlobalSection
EndGlobal
