
Microsoft Visual Studio Solution File, Format Version 12.00
# Visual Studio 2017
Project("{FAE04EC0-301F-11D3-BF4B-00C04F79EFBC}") = "grahics_project", "grahics_project.csproj", "{466E28A1-1795-E331-0391-67523E683EEC}"
EndProject
Project("{FAE04EC0-301F-11D3-BF4B-00C04F79EFBC}") = "grahics_project.Plugins", "grahics_project.Plugins.csproj", "{4F05FFAC-EEFF-50BD-31C9-71A8EE7610B9}"
EndProject
Project("{FAE04EC0-301F-11D3-BF4B-00C04F79EFBC}") = "grahics_project.Editor.Plugins", "grahics_project.Editor.Plugins.csproj", "{614CAD36-AC65-2C0F-51BE-3CCF94DB9EEF}"
EndProject
Global
	GlobalSection(SolutionConfigurationPlatforms) = preSolution
		Debug|Any CPU = Debug|Any CPU
		Release|Any CPU = Release|Any CPU
	EndGlobalSection
	GlobalSection(ProjectConfigurationPlatforms) = postSolution
		{466E28A1-1795-E331-0391-67523E683EEC}.Debug|Any CPU.ActiveCfg = Debug|Any CPU
		{466E28A1-1795-E331-0391-67523E683EEC}.Debug|Any CPU.Build.0 = Debug|Any CPU
		{466E28A1-1795-E331-0391-67523E683EEC}.Release|Any CPU.ActiveCfg = Release|Any CPU
		{466E28A1-1795-E331-0391-67523E683EEC}.Release|Any CPU.Build.0 = Release|Any CPU
		{4F05FFAC-EEFF-50BD-31C9-71A8EE7610B9}.Debug|Any CPU.ActiveCfg = Debug|Any CPU
		{4F05FFAC-EEFF-50BD-31C9-71A8EE7610B9}.Debug|Any CPU.Build.0 = Debug|Any CPU
		{4F05FFAC-EEFF-50BD-31C9-71A8EE7610B9}.Release|Any CPU.ActiveCfg = Release|Any CPU
		{4F05FFAC-EEFF-50BD-31C9-71A8EE7610B9}.Release|Any CPU.Build.0 = Release|Any CPU
		{614CAD36-AC65-2C0F-51BE-3CCF94DB9EEF}.Debug|Any CPU.ActiveCfg = Debug|Any CPU
		{614CAD36-AC65-2C0F-51BE-3CCF94DB9EEF}.Debug|Any CPU.Build.0 = Debug|Any CPU
		{614CAD36-AC65-2C0F-51BE-3CCF94DB9EEF}.Release|Any CPU.ActiveCfg = Release|Any CPU
		{614CAD36-AC65-2C0F-51BE-3CCF94DB9EEF}.Release|Any CPU.Build.0 = Release|Any CPU
	EndGlobalSection
	GlobalSection(SolutionProperties) = preSolution
		HideSolutionNode = FALSE
	EndGlobalSection
EndGlobal
